// !$*UTF8*$!
{
	archiveVersion = 1;
	classes = {
	};
	objectVersion = 56;
	objects = {

/* Begin PBXBuildFile section */
		A2103FF7294342D700BB6C0B /* AppDelegate.swift in Sources */ = {isa = PBXBuildFile; fileRef = A2103FF6294342D700BB6C0B /* AppDelegate.swift */; };
		A2103FF9294342D700BB6C0B /* SceneDelegate.swift in Sources */ = {isa = PBXBuildFile; fileRef = A2103FF8294342D700BB6C0B /* SceneDelegate.swift */; };
		A2103FFE294342D700BB6C0B /* Main.storyboard in Resources */ = {isa = PBXBuildFile; fileRef = A2103FFC294342D700BB6C0B /* Main.storyboard */; };
		A2104000294342D700BB6C0B /* Assets.xcassets in Resources */ = {isa = PBXBuildFile; fileRef = A2103FFF294342D700BB6C0B /* Assets.xcassets */; };
		A2104003294342D700BB6C0B /* LaunchScreen.storyboard in Resources */ = {isa = PBXBuildFile; fileRef = A2104001294342D700BB6C0B /* LaunchScreen.storyboard */; };
		A23F4FAD2949B2E000519A91 /* CategoryCollectionViewCell.swift in Sources */ = {isa = PBXBuildFile; fileRef = A23F4FAB2949B2E000519A91 /* CategoryCollectionViewCell.swift */; };
		A23F4FAE2949B2E000519A91 /* CategoryCollectionViewCell.xib in Resources */ = {isa = PBXBuildFile; fileRef = A23F4FAC2949B2E000519A91 /* CategoryCollectionViewCell.xib */; };
		A23F4FB02949B46200519A91 /* DishCategory.swift in Sources */ = {isa = PBXBuildFile; fileRef = A23F4FAF2949B46200519A91 /* DishCategory.swift */; };
		A24BC53D2949B97F00F181AB /* String+Extension.swift in Sources */ = {isa = PBXBuildFile; fileRef = A24BC53C2949B97F00F181AB /* String+Extension.swift */; };
		A24BC5402949BDFB00F181AB /* CardView.swift in Sources */ = {isa = PBXBuildFile; fileRef = A24BC53F2949BDFB00F181AB /* CardView.swift */; };
		A274E601294A71D2001BBD84 /* Dish.swift in Sources */ = {isa = PBXBuildFile; fileRef = A274E600294A71D2001BBD84 /* Dish.swift */; };
		A28ED82D29524CB9004E6475 /* ListOrdersViewController.swift in Sources */ = {isa = PBXBuildFile; fileRef = A28ED82C29524CB9004E6475 /* ListOrdersViewController.swift */; };
		A28ED82F29524E4E004E6475 /* Order.swift in Sources */ = {isa = PBXBuildFile; fileRef = A28ED82E29524E4E004E6475 /* Order.swift */; };
		A2A3B541294E252300A7EDA3 /* DishDetailViewController.swift in Sources */ = {isa = PBXBuildFile; fileRef = A2A3B540294E252300A7EDA3 /* DishDetailViewController.swift */; };
		A2B8959D294D0D5D00A21549 /* DishLandscapeCollectionViewCell.swift in Sources */ = {isa = PBXBuildFile; fileRef = A2B8959B294D0D5D00A21549 /* DishLandscapeCollectionViewCell.swift */; };
		A2B8959E294D0D5D00A21549 /* DishLandscapeCollectionViewCell.xib in Resources */ = {isa = PBXBuildFile; fileRef = A2B8959C294D0D5D00A21549 /* DishLandscapeCollectionViewCell.xib */; };
		A2B8AD13294A6B9D00267594 /* DishPortraitCollectionViewCell.swift in Sources */ = {isa = PBXBuildFile; fileRef = A2B8AD11294A6B9D00267594 /* DishPortraitCollectionViewCell.swift */; };
		A2B8AD14294A6B9D00267594 /* DishPortraitCollectionViewCell.xib in Resources */ = {isa = PBXBuildFile; fileRef = A2B8AD12294A6B9D00267594 /* DishPortraitCollectionViewCell.xib */; };
		A2F2DCA529488A3600546B5E /* OnboardingViewController.swift in Sources */ = {isa = PBXBuildFile; fileRef = A2F2DCA429488A3600546B5E /* OnboardingViewController.swift */; };
		A2F2DCA82948903C00546B5E /* UIView+Extension.swift in Sources */ = {isa = PBXBuildFile; fileRef = A2F2DCA72948903C00546B5E /* UIView+Extension.swift */; };
		A2F2DCAA294890EF00546B5E /* OnboardingSlide.swift in Sources */ = {isa = PBXBuildFile; fileRef = A2F2DCA9294890EF00546B5E /* OnboardingSlide.swift */; };
		A2F2DCAC294892F500546B5E /* OnboardingCollectionViewCell.swift in Sources */ = {isa = PBXBuildFile; fileRef = A2F2DCAB294892F500546B5E /* OnboardingCollectionViewCell.swift */; };
		A2F2DCAF2948E50800546B5E /* HomeViewController.swift in Sources */ = {isa = PBXBuildFile; fileRef = A2F2DCAE2948E50800546B5E /* HomeViewController.swift */; };
		A2F6A1612950F6C800DB80DC /* UIViewController+Extension.swift in Sources */ = {isa = PBXBuildFile; fileRef = A2F6A1602950F6C800DB80DC /* UIViewController+Extension.swift */; };
		A2F6A1662950FBD500DB80DC /* DishListTableViewCell.swift in Sources */ = {isa = PBXBuildFile; fileRef = A2F6A1642950FBD500DB80DC /* DishListTableViewCell.swift */; };
		A2F6A1672950FBD500DB80DC /* DishListTableViewCell.xib in Resources */ = {isa = PBXBuildFile; fileRef = A2F6A1652950FBD500DB80DC /* DishListTableViewCell.xib */; };
		A2F6A16A295104A300DB80DC /* ListDishesViewController.swift in Sources */ = {isa = PBXBuildFile; fileRef = A2F6A169295104A300DB80DC /* ListDishesViewController.swift */; };
		A4CB0E880C143E01835FE6E3 /* Pods_Yummie.framework in Frameworks */ = {isa = PBXBuildFile; fileRef = D0D3685FB06FD1B2CEA73BA7 /* Pods_Yummie.framework */; };
/* End PBXBuildFile section */

/* Begin PBXFileReference section */
		8E0C2A83FDA4F285EF205308 /* Pods-Yummie.release.xcconfig */ = {isa = PBXFileReference; includeInIndex = 1; lastKnownFileType = text.xcconfig; name = "Pods-Yummie.release.xcconfig"; path = "Target Support Files/Pods-Yummie/Pods-Yummie.release.xcconfig"; sourceTree = "<group>"; };
		A2103FF3294342D700BB6C0B /* Yummie.app */ = {isa = PBXFileReference; explicitFileType = wrapper.application; includeInIndex = 0; path = Yummie.app; sourceTree = BUILT_PRODUCTS_DIR; };
		A2103FF6294342D700BB6C0B /* AppDelegate.swift */ = {isa = PBXFileReference; lastKnownFileType = sourcecode.swift; path = AppDelegate.swift; sourceTree = "<group>"; };
		A2103FF8294342D700BB6C0B /* SceneDelegate.swift */ = {isa = PBXFileReference; lastKnownFileType = sourcecode.swift; path = SceneDelegate.swift; sourceTree = "<group>"; };
		A2103FFD294342D700BB6C0B /* Base */ = {isa = PBXFileReference; lastKnownFileType = file.storyboard; name = Base; path = Base.lproj/Main.storyboard; sourceTree = "<group>"; };
		A2103FFF294342D700BB6C0B /* Assets.xcassets */ = {isa = PBXFileReference; lastKnownFileType = folder.assetcatalog; path = Assets.xcassets; sourceTree = "<group>"; };
		A2104002294342D700BB6C0B /* Base */ = {isa = PBXFileReference; lastKnownFileType = file.storyboard; name = Base; path = Base.lproj/LaunchScreen.storyboard; sourceTree = "<group>"; };
		A2104004294342D700BB6C0B /* Info.plist */ = {isa = PBXFileReference; lastKnownFileType = text.plist.xml; path = Info.plist; sourceTree = "<group>"; };
		A23F4FAB2949B2E000519A91 /* CategoryCollectionViewCell.swift */ = {isa = PBXFileReference; lastKnownFileType = sourcecode.swift; path = CategoryCollectionViewCell.swift; sourceTree = "<group>"; };
		A23F4FAC2949B2E000519A91 /* CategoryCollectionViewCell.xib */ = {isa = PBXFileReference; lastKnownFileType = file.xib; path = CategoryCollectionViewCell.xib; sourceTree = "<group>"; };
		A23F4FAF2949B46200519A91 /* DishCategory.swift */ = {isa = PBXFileReference; lastKnownFileType = sourcecode.swift; path = DishCategory.swift; sourceTree = "<group>"; };
		A24BC53C2949B97F00F181AB /* String+Extension.swift */ = {isa = PBXFileReference; lastKnownFileType = sourcecode.swift; path = "String+Extension.swift"; sourceTree = "<group>"; };
		A24BC53F2949BDFB00F181AB /* CardView.swift */ = {isa = PBXFileReference; lastKnownFileType = sourcecode.swift; path = CardView.swift; sourceTree = "<group>"; };
		A274E600294A71D2001BBD84 /* Dish.swift */ = {isa = PBXFileReference; lastKnownFileType = sourcecode.swift; path = Dish.swift; sourceTree = "<group>"; };
		A28ED82C29524CB9004E6475 /* ListOrdersViewController.swift */ = {isa = PBXFileReference; lastKnownFileType = sourcecode.swift; path = ListOrdersViewController.swift; sourceTree = "<group>"; };
		A28ED82E29524E4E004E6475 /* Order.swift */ = {isa = PBXFileReference; lastKnownFileType = sourcecode.swift; path = Order.swift; sourceTree = "<group>"; };
		A2A3B540294E252300A7EDA3 /* DishDetailViewController.swift */ = {isa = PBXFileReference; lastKnownFileType = sourcecode.swift; path = DishDetailViewController.swift; sourceTree = "<group>"; };
		A2B8959B294D0D5D00A21549 /* DishLandscapeCollectionViewCell.swift */ = {isa = PBXFileReference; lastKnownFileType = sourcecode.swift; path = DishLandscapeCollectionViewCell.swift; sourceTree = "<group>"; };
		A2B8959C294D0D5D00A21549 /* DishLandscapeCollectionViewCell.xib */ = {isa = PBXFileReference; lastKnownFileType = file.xib; path = DishLandscapeCollectionViewCell.xib; sourceTree = "<group>"; };
		A2B8AD11294A6B9D00267594 /* DishPortraitCollectionViewCell.swift */ = {isa = PBXFileReference; lastKnownFileType = sourcecode.swift; path = DishPortraitCollectionViewCell.swift; sourceTree = "<group>"; };
		A2B8AD12294A6B9D00267594 /* DishPortraitCollectionViewCell.xib */ = {isa = PBXFileReference; lastKnownFileType = file.xib; path = DishPortraitCollectionViewCell.xib; sourceTree = "<group>"; };
		A2F2DCA429488A3600546B5E /* OnboardingViewController.swift */ = {isa = PBXFileReference; lastKnownFileType = sourcecode.swift; path = OnboardingViewController.swift; sourceTree = "<group>"; };
		A2F2DCA72948903C00546B5E /* UIView+Extension.swift */ = {isa = PBXFileReference; lastKnownFileType = sourcecode.swift; path = "UIView+Extension.swift"; sourceTree = "<group>"; };
		A2F2DCA9294890EF00546B5E /* OnboardingSlide.swift */ = {isa = PBXFileReference; lastKnownFileType = sourcecode.swift; path = OnboardingSlide.swift; sourceTree = "<group>"; };
		A2F2DCAB294892F500546B5E /* OnboardingCollectionViewCell.swift */ = {isa = PBXFileReference; lastKnownFileType = sourcecode.swift; path = OnboardingCollectionViewCell.swift; sourceTree = "<group>"; };
		A2F2DCAE2948E50800546B5E /* HomeViewController.swift */ = {isa = PBXFileReference; lastKnownFileType = sourcecode.swift; path = HomeViewController.swift; sourceTree = "<group>"; };
		A2F6A1602950F6C800DB80DC /* UIViewController+Extension.swift */ = {isa = PBXFileReference; lastKnownFileType = sourcecode.swift; path = "UIViewController+Extension.swift"; sourceTree = "<group>"; };
		A2F6A1642950FBD500DB80DC /* DishListTableViewCell.swift */ = {isa = PBXFileReference; lastKnownFileType = sourcecode.swift; path = DishListTableViewCell.swift; sourceTree = "<group>"; };
		A2F6A1652950FBD500DB80DC /* DishListTableViewCell.xib */ = {isa = PBXFileReference; lastKnownFileType = file.xib; path = DishListTableViewCell.xib; sourceTree = "<group>"; };
		A2F6A169295104A300DB80DC /* ListDishesViewController.swift */ = {isa = PBXFileReference; lastKnownFileType = sourcecode.swift; path = ListDishesViewController.swift; sourceTree = "<group>"; };
		D0D3685FB06FD1B2CEA73BA7 /* Pods_Yummie.framework */ = {isa = PBXFileReference; explicitFileType = wrapper.framework; includeInIndex = 0; path = Pods_Yummie.framework; sourceTree = BUILT_PRODUCTS_DIR; };
		F49C0CBC5C6D6E4D66F4CE02 /* Pods-Yummie.debug.xcconfig */ = {isa = PBXFileReference; includeInIndex = 1; lastKnownFileType = text.xcconfig; name = "Pods-Yummie.debug.xcconfig"; path = "Target Support Files/Pods-Yummie/Pods-Yummie.debug.xcconfig"; sourceTree = "<group>"; };
/* End PBXFileReference section */

/* Begin PBXFrameworksBuildPhase section */
		A2103FF0294342D700BB6C0B /* Frameworks */ = {
			isa = PBXFrameworksBuildPhase;
			buildActionMask = 2147483647;
			files = (
				A4CB0E880C143E01835FE6E3 /* Pods_Yummie.framework in Frameworks */,
			);
			runOnlyForDeploymentPostprocessing = 0;
		};
/* End PBXFrameworksBuildPhase section */

/* Begin PBXGroup section */
		0B7A334C9A35D3D23E3A7B1B /* Frameworks */ = {
			isa = PBXGroup;
			children = (
				D0D3685FB06FD1B2CEA73BA7 /* Pods_Yummie.framework */,
			);
			name = Frameworks;
			sourceTree = "<group>";
		};
		A2103FEA294342D700BB6C0B = {
			isa = PBXGroup;
			children = (
				A2103FF5294342D700BB6C0B /* Yummie */,
				A2103FF4294342D700BB6C0B /* Products */,
				E69EB425536EE6E1B6AA73C7 /* Pods */,
				0B7A334C9A35D3D23E3A7B1B /* Frameworks */,
			);
			sourceTree = "<group>";
		};
		A2103FF4294342D700BB6C0B /* Products */ = {
			isa = PBXGroup;
			children = (
				A2103FF3294342D700BB6C0B /* Yummie.app */,
			);
			name = Products;
			sourceTree = "<group>";
		};
		A2103FF5294342D700BB6C0B /* Yummie */ = {
			isa = PBXGroup;
			children = (
				A2B8AD0D294A613A00267594 /* Delegates */,
				A2F2DCA62948902700546B5E /* Extensions */,
				A2F2DCA229488A0800546B5E /* Products */,
				A2F2DCA129488A0200546B5E /* Models */,
				A2F2DCA0294889F900546B5E /* Views */,
				A2F2DC9F294889EB00546B5E /* CustomViews */,
				A2103FFC294342D700BB6C0B /* Main.storyboard */,
				A2103FFF294342D700BB6C0B /* Assets.xcassets */,
				A2104001294342D700BB6C0B /* LaunchScreen.storyboard */,
				A2104004294342D700BB6C0B /* Info.plist */,
			);
			path = Yummie;
			sourceTree = "<group>";
		};
		A23F4FA92949B2B800519A91 /* CollectionViewCells */ = {
			isa = PBXGroup;
			children = (
				A2B8959A294D0D3700A21549 /* DishLandscapeCollectionViewCell */,
				A2B8AD0E294A6B4D00267594 /* DishPortraitCollectionViewCell */,
				A23F4FAA2949B2C300519A91 /* CategoryCollectionViewCell */,
			);
			path = CollectionViewCells;
			sourceTree = "<group>";
		};
		A23F4FAA2949B2C300519A91 /* CategoryCollectionViewCell */ = {
			isa = PBXGroup;
			children = (
				A23F4FAB2949B2E000519A91 /* CategoryCollectionViewCell.swift */,
				A23F4FAC2949B2E000519A91 /* CategoryCollectionViewCell.xib */,
			);
			path = CategoryCollectionViewCell;
			sourceTree = "<group>";
		};
		A24BC53E2949BDEC00F181AB /* CardView */ = {
			isa = PBXGroup;
			children = (
				A24BC53F2949BDFB00F181AB /* CardView.swift */,
			);
			path = CardView;
			sourceTree = "<group>";
		};
		A28ED82B29524CA5004E6475 /* ListOrders */ = {
			isa = PBXGroup;
			children = (
				A28ED82C29524CB9004E6475 /* ListOrdersViewController.swift */,
			);
			path = ListOrders;
			sourceTree = "<group>";
		};
		A2A3B53F294E24E300A7EDA3 /* DishDetail */ = {
			isa = PBXGroup;
			children = (
				A2A3B540294E252300A7EDA3 /* DishDetailViewController.swift */,
			);
			path = DishDetail;
			sourceTree = "<group>";
		};
		A2B8959A294D0D3700A21549 /* DishLandscapeCollectionViewCell */ = {
			isa = PBXGroup;
			children = (
				A2B8959B294D0D5D00A21549 /* DishLandscapeCollectionViewCell.swift */,
				A2B8959C294D0D5D00A21549 /* DishLandscapeCollectionViewCell.xib */,
			);
			path = DishLandscapeCollectionViewCell;
			sourceTree = "<group>";
		};
		A2B8AD0D294A613A00267594 /* Delegates */ = {
			isa = PBXGroup;
			children = (
				A2103FF6294342D700BB6C0B /* AppDelegate.swift */,
				A2103FF8294342D700BB6C0B /* SceneDelegate.swift */,
			);
			path = Delegates;
			sourceTree = "<group>";
		};
		A2B8AD0E294A6B4D00267594 /* DishPortraitCollectionViewCell */ = {
			isa = PBXGroup;
			children = (
				A2B8AD11294A6B9D00267594 /* DishPortraitCollectionViewCell.swift */,
				A2B8AD12294A6B9D00267594 /* DishPortraitCollectionViewCell.xib */,
			);
			path = DishPortraitCollectionViewCell;
			sourceTree = "<group>";
		};
		A2F2DC9F294889EB00546B5E /* CustomViews */ = {
			isa = PBXGroup;
			children = (
				A2F6A1622950FB6700DB80DC /* TableViewCells */,
				A24BC53E2949BDEC00F181AB /* CardView */,
				A23F4FA92949B2B800519A91 /* CollectionViewCells */,
			);
			path = CustomViews;
			sourceTree = "<group>";
		};
		A2F2DCA0294889F900546B5E /* Views */ = {
			isa = PBXGroup;
			children = (
				A28ED82B29524CA5004E6475 /* ListOrders */,
				A2F6A1682951048200DB80DC /* ListDishes */,
				A2A3B53F294E24E300A7EDA3 /* DishDetail */,
				A2F2DCAD2948E4E700546B5E /* Home */,
				A2F2DCA329488A1300546B5E /* Onboarding */,
			);
			path = Views;
			sourceTree = "<group>";
		};
		A2F2DCA129488A0200546B5E /* Models */ = {
			isa = PBXGroup;
			children = (
				A2F2DCA9294890EF00546B5E /* OnboardingSlide.swift */,
				A23F4FAF2949B46200519A91 /* DishCategory.swift */,
				A274E600294A71D2001BBD84 /* Dish.swift */,
				A28ED82E29524E4E004E6475 /* Order.swift */,
			);
			path = Models;
			sourceTree = "<group>";
		};
		A2F2DCA229488A0800546B5E /* Products */ = {
			isa = PBXGroup;
			children = (
			);
			path = Products;
			sourceTree = "<group>";
		};
		A2F2DCA329488A1300546B5E /* Onboarding */ = {
			isa = PBXGroup;
			children = (
				A2F2DCA429488A3600546B5E /* OnboardingViewController.swift */,
				A2F2DCAB294892F500546B5E /* OnboardingCollectionViewCell.swift */,
			);
			path = Onboarding;
			sourceTree = "<group>";
		};
		A2F2DCA62948902700546B5E /* Extensions */ = {
			isa = PBXGroup;
			children = (
				A2F2DCA72948903C00546B5E /* UIView+Extension.swift */,
				A24BC53C2949B97F00F181AB /* String+Extension.swift */,
				A2F6A1602950F6C800DB80DC /* UIViewController+Extension.swift */,
			);
			path = Extensions;
			sourceTree = "<group>";
		};
		A2F2DCAD2948E4E700546B5E /* Home */ = {
			isa = PBXGroup;
			children = (
				A2F2DCAE2948E50800546B5E /* HomeViewController.swift */,
			);
			path = Home;
			sourceTree = "<group>";
		};
		A2F6A1622950FB6700DB80DC /* TableViewCells */ = {
			isa = PBXGroup;
			children = (
				A2F6A1632950FB7500DB80DC /* DishListTableViewCell */,
			);
			path = TableViewCells;
			sourceTree = "<group>";
		};
		A2F6A1632950FB7500DB80DC /* DishListTableViewCell */ = {
			isa = PBXGroup;
			children = (
				A2F6A1642950FBD500DB80DC /* DishListTableViewCell.swift */,
				A2F6A1652950FBD500DB80DC /* DishListTableViewCell.xib */,
			);
			path = DishListTableViewCell;
			sourceTree = "<group>";
		};
		A2F6A1682951048200DB80DC /* ListDishes */ = {
			isa = PBXGroup;
			children = (
				A2F6A169295104A300DB80DC /* ListDishesViewController.swift */,
			);
			path = ListDishes;
			sourceTree = "<group>";
		};
		E69EB425536EE6E1B6AA73C7 /* Pods */ = {
			isa = PBXGroup;
			children = (
				F49C0CBC5C6D6E4D66F4CE02 /* Pods-Yummie.debug.xcconfig */,
				8E0C2A83FDA4F285EF205308 /* Pods-Yummie.release.xcconfig */,
			);
			path = Pods;
			sourceTree = "<group>";
		};
/* End PBXGroup section */

/* Begin PBXNativeTarget section */
		A2103FF2294342D700BB6C0B /* Yummie */ = {
			isa = PBXNativeTarget;
			buildConfigurationList = A2104007294342D700BB6C0B /* Build configuration list for PBXNativeTarget "Yummie" */;
			buildPhases = (
				E1967DF3F74AF1AF1B70EBD9 /* [CP] Check Pods Manifest.lock */,
				A2103FEF294342D700BB6C0B /* Sources */,
				A2103FF0294342D700BB6C0B /* Frameworks */,
				A2103FF1294342D700BB6C0B /* Resources */,
				31B352EF4073883FAF52856C /* [CP] Embed Pods Frameworks */,
			);
			buildRules = (
			);
			dependencies = (
			);
			name = Yummie;
			productName = Yummie;
			productReference = A2103FF3294342D700BB6C0B /* Yummie.app */;
			productType = "com.apple.product-type.application";
		};
/* End PBXNativeTarget section */

/* Begin PBXProject section */
		A2103FEB294342D700BB6C0B /* Project object */ = {
			isa = PBXProject;
			attributes = {
				BuildIndependentTargetsInParallel = 1;
				LastSwiftUpdateCheck = 1410;
				LastUpgradeCheck = 1410;
				TargetAttributes = {
					A2103FF2294342D700BB6C0B = {
						CreatedOnToolsVersion = 14.1;
					};
				};
			};
			buildConfigurationList = A2103FEE294342D700BB6C0B /* Build configuration list for PBXProject "Yummie" */;
			compatibilityVersion = "Xcode 14.0";
			developmentRegion = en;
			hasScannedForEncodings = 0;
			knownRegions = (
				en,
				Base,
			);
			mainGroup = A2103FEA294342D700BB6C0B;
			productRefGroup = A2103FF4294342D700BB6C0B /* Products */;
			projectDirPath = "";
			projectRoot = "";
			targets = (
				A2103FF2294342D700BB6C0B /* Yummie */,
			);
		};
/* End PBXProject section */

/* Begin PBXResourcesBuildPhase section */
		A2103FF1294342D700BB6C0B /* Resources */ = {
			isa = PBXResourcesBuildPhase;
			buildActionMask = 2147483647;
			files = (
				A23F4FAE2949B2E000519A91 /* CategoryCollectionViewCell.xib in Resources */,
				A2F6A1672950FBD500DB80DC /* DishListTableViewCell.xib in Resources */,
				A2104003294342D700BB6C0B /* LaunchScreen.storyboard in Resources */,
				A2B8AD14294A6B9D00267594 /* DishPortraitCollectionViewCell.xib in Resources */,
				A2104000294342D700BB6C0B /* Assets.xcassets in Resources */,
				A2B8959E294D0D5D00A21549 /* DishLandscapeCollectionViewCell.xib in Resources */,
				A2103FFE294342D700BB6C0B /* Main.storyboard in Resources */,
			);
			runOnlyForDeploymentPostprocessing = 0;
		};
/* End PBXResourcesBuildPhase section */

/* Begin PBXShellScriptBuildPhase section */
		31B352EF4073883FAF52856C /* [CP] Embed Pods Frameworks */ = {
			isa = PBXShellScriptBuildPhase;
			buildActionMask = 2147483647;
			files = (
			);
			inputFileListPaths = (
				"${PODS_ROOT}/Target Support Files/Pods-Yummie/Pods-Yummie-frameworks-${CONFIGURATION}-input-files.xcfilelist",
			);
			name = "[CP] Embed Pods Frameworks";
			outputFileListPaths = (
				"${PODS_ROOT}/Target Support Files/Pods-Yummie/Pods-Yummie-frameworks-${CONFIGURATION}-output-files.xcfilelist",
			);
			runOnlyForDeploymentPostprocessing = 0;
			shellPath = /bin/sh;
			shellScript = "\"${PODS_ROOT}/Target Support Files/Pods-Yummie/Pods-Yummie-frameworks.sh\"\n";
			showEnvVarsInLog = 0;
		};
		E1967DF3F74AF1AF1B70EBD9 /* [CP] Check Pods Manifest.lock */ = {
			isa = PBXShellScriptBuildPhase;
			buildActionMask = 2147483647;
			files = (
			);
			inputFileListPaths = (
			);
			inputPaths = (
				"${PODS_PODFILE_DIR_PATH}/Podfile.lock",
				"${PODS_ROOT}/Manifest.lock",
			);
			name = "[CP] Check Pods Manifest.lock";
			outputFileListPaths = (
			);
			outputPaths = (
				"$(DERIVED_FILE_DIR)/Pods-Yummie-checkManifestLockResult.txt",
			);
			runOnlyForDeploymentPostprocessing = 0;
			shellPath = /bin/sh;
			shellScript = "diff \"${PODS_PODFILE_DIR_PATH}/Podfile.lock\" \"${PODS_ROOT}/Manifest.lock\" > /dev/null\nif [ $? != 0 ] ; then\n    # print error to STDERR\n    echo \"error: The sandbox is not in sync with the Podfile.lock. Run 'pod install' or update your CocoaPods installation.\" >&2\n    exit 1\nfi\n# This output is used by Xcode 'outputs' to avoid re-running this script phase.\necho \"SUCCESS\" > \"${SCRIPT_OUTPUT_FILE_0}\"\n";
			showEnvVarsInLog = 0;
		};
/* End PBXShellScriptBuildPhase section */

/* Begin PBXSourcesBuildPhase section */
		A2103FEF294342D700BB6C0B /* Sources */ = {
			isa = PBXSourcesBuildPhase;
			buildActionMask = 2147483647;
			files = (
				A2F6A1662950FBD500DB80DC /* DishListTableViewCell.swift in Sources */,
				A28ED82D29524CB9004E6475 /* ListOrdersViewController.swift in Sources */,
				A28ED82F29524E4E004E6475 /* Order.swift in Sources */,
				A2F6A1612950F6C800DB80DC /* UIViewController+Extension.swift in Sources */,
				A23F4FAD2949B2E000519A91 /* CategoryCollectionViewCell.swift in Sources */,
				A2F2DCAA294890EF00546B5E /* OnboardingSlide.swift in Sources */,
				A2103FF7294342D700BB6C0B /* AppDelegate.swift in Sources */,
				A2103FF9294342D700BB6C0B /* SceneDelegate.swift in Sources */,
				A2F2DCA82948903C00546B5E /* UIView+Extension.swift in Sources */,
				A2F2DCA529488A3600546B5E /* OnboardingViewController.swift in Sources */,
				A2A3B541294E252300A7EDA3 /* DishDetailViewController.swift in Sources */,
				A2F2DCAF2948E50800546B5E /* HomeViewController.swift in Sources */,
				A23F4FB02949B46200519A91 /* DishCategory.swift in Sources */,
				A2B8959D294D0D5D00A21549 /* DishLandscapeCollectionViewCell.swift in Sources */,
				A24BC53D2949B97F00F181AB /* String+Extension.swift in Sources */,
				A24BC5402949BDFB00F181AB /* CardView.swift in Sources */,
				A2F6A16A295104A300DB80DC /* ListDishesViewController.swift in Sources */,
				A2F2DCAC294892F500546B5E /* OnboardingCollectionViewCell.swift in Sources */,
				A274E601294A71D2001BBD84 /* Dish.swift in Sources */,
				A2B8AD13294A6B9D00267594 /* DishPortraitCollectionViewCell.swift in Sources */,
			);
			runOnlyForDeploymentPostprocessing = 0;
		};
/* End PBXSourcesBuildPhase section */

/* Begin PBXVariantGroup section */
		A2103FFC294342D700BB6C0B /* Main.storyboard */ = {
			isa = PBXVariantGroup;
			children = (
				A2103FFD294342D700BB6C0B /* Base */,
			);
			name = Main.storyboard;
			sourceTree = "<group>";
		};
		A2104001294342D700BB6C0B /* LaunchScreen.storyboard */ = {
			isa = PBXVariantGroup;
			children = (
				A2104002294342D700BB6C0B /* Base */,
			);
			name = LaunchScreen.storyboard;
			sourceTree = "<group>";
		};
/* End PBXVariantGroup section */

/* Begin XCBuildConfiguration section */
		A2104005294342D700BB6C0B /* Debug */ = {
			isa = XCBuildConfiguration;
			buildSettings = {
				ALWAYS_SEARCH_USER_PATHS = NO;
				CLANG_ANALYZER_NONNULL = YES;
				CLANG_ANALYZER_NUMBER_OBJECT_CONVERSION = YES_AGGRESSIVE;
				CLANG_CXX_LANGUAGE_STANDARD = "gnu++20";
				CLANG_ENABLE_MODULES = YES;
				CLANG_ENABLE_OBJC_ARC = YES;
				CLANG_ENABLE_OBJC_WEAK = YES;
				CLANG_WARN_BLOCK_CAPTURE_AUTORELEASING = YES;
				CLANG_WARN_BOOL_CONVERSION = YES;
				CLANG_WARN_COMMA = YES;
				CLANG_WARN_CONSTANT_CONVERSION = YES;
				CLANG_WARN_DEPRECATED_OBJC_IMPLEMENTATIONS = YES;
				CLANG_WARN_DIRECT_OBJC_ISA_USAGE = YES_ERROR;
				CLANG_WARN_DOCUMENTATION_COMMENTS = YES;
				CLANG_WARN_EMPTY_BODY = YES;
				CLANG_WARN_ENUM_CONVERSION = YES;
				CLANG_WARN_INFINITE_RECURSION = YES;
				CLANG_WARN_INT_CONVERSION = YES;
				CLANG_WARN_NON_LITERAL_NULL_CONVERSION = YES;
				CLANG_WARN_OBJC_IMPLICIT_RETAIN_SELF = YES;
				CLANG_WARN_OBJC_LITERAL_CONVERSION = YES;
				CLANG_WARN_OBJC_ROOT_CLASS = YES_ERROR;
				CLANG_WARN_QUOTED_INCLUDE_IN_FRAMEWORK_HEADER = YES;
				CLANG_WARN_RANGE_LOOP_ANALYSIS = YES;
				CLANG_WARN_STRICT_PROTOTYPES = YES;
				CLANG_WARN_SUSPICIOUS_MOVE = YES;
				CLANG_WARN_UNGUARDED_AVAILABILITY = YES_AGGRESSIVE;
				CLANG_WARN_UNREACHABLE_CODE = YES;
				CLANG_WARN__DUPLICATE_METHOD_MATCH = YES;
				COPY_PHASE_STRIP = NO;
				DEBUG_INFORMATION_FORMAT = dwarf;
				ENABLE_STRICT_OBJC_MSGSEND = YES;
				ENABLE_TESTABILITY = YES;
				GCC_C_LANGUAGE_STANDARD = gnu11;
				GCC_DYNAMIC_NO_PIC = NO;
				GCC_NO_COMMON_BLOCKS = YES;
				GCC_OPTIMIZATION_LEVEL = 0;
				GCC_PREPROCESSOR_DEFINITIONS = (
					"DEBUG=1",
					"$(inherited)",
				);
				GCC_WARN_64_TO_32_BIT_CONVERSION = YES;
				GCC_WARN_ABOUT_RETURN_TYPE = YES_ERROR;
				GCC_WARN_UNDECLARED_SELECTOR = YES;
				GCC_WARN_UNINITIALIZED_AUTOS = YES_AGGRESSIVE;
				GCC_WARN_UNUSED_FUNCTION = YES;
				GCC_WARN_UNUSED_VARIABLE = YES;
				IPHONEOS_DEPLOYMENT_TARGET = 16.1;
				MTL_ENABLE_DEBUG_INFO = INCLUDE_SOURCE;
				MTL_FAST_MATH = YES;
				ONLY_ACTIVE_ARCH = YES;
				SDKROOT = iphoneos;
				SWIFT_ACTIVE_COMPILATION_CONDITIONS = DEBUG;
				SWIFT_OPTIMIZATION_LEVEL = "-Onone";
			};
			name = Debug;
		};
		A2104006294342D700BB6C0B /* Release */ = {
			isa = XCBuildConfiguration;
			buildSettings = {
				ALWAYS_SEARCH_USER_PATHS = NO;
				CLANG_ANALYZER_NONNULL = YES;
				CLANG_ANALYZER_NUMBER_OBJECT_CONVERSION = YES_AGGRESSIVE;
				CLANG_CXX_LANGUAGE_STANDARD = "gnu++20";
				CLANG_ENABLE_MODULES = YES;
				CLANG_ENABLE_OBJC_ARC = YES;
				CLANG_ENABLE_OBJC_WEAK = YES;
				CLANG_WARN_BLOCK_CAPTURE_AUTORELEASING = YES;
				CLANG_WARN_BOOL_CONVERSION = YES;
				CLANG_WARN_COMMA = YES;
				CLANG_WARN_CONSTANT_CONVERSION = YES;
				CLANG_WARN_DEPRECATED_OBJC_IMPLEMENTATIONS = YES;
				CLANG_WARN_DIRECT_OBJC_ISA_USAGE = YES_ERROR;
				CLANG_WARN_DOCUMENTATION_COMMENTS = YES;
				CLANG_WARN_EMPTY_BODY = YES;
				CLANG_WARN_ENUM_CONVERSION = YES;
				CLANG_WARN_INFINITE_RECURSION = YES;
				CLANG_WARN_INT_CONVERSION = YES;
				CLANG_WARN_NON_LITERAL_NULL_CONVERSION = YES;
				CLANG_WARN_OBJC_IMPLICIT_RETAIN_SELF = YES;
				CLANG_WARN_OBJC_LITERAL_CONVERSION = YES;
				CLANG_WARN_OBJC_ROOT_CLASS = YES_ERROR;
				CLANG_WARN_QUOTED_INCLUDE_IN_FRAMEWORK_HEADER = YES;
				CLANG_WARN_RANGE_LOOP_ANALYSIS = YES;
				CLANG_WARN_STRICT_PROTOTYPES = YES;
				CLANG_WARN_SUSPICIOUS_MOVE = YES;
				CLANG_WARN_UNGUARDED_AVAILABILITY = YES_AGGRESSIVE;
				CLANG_WARN_UNREACHABLE_CODE = YES;
				CLANG_WARN__DUPLICATE_METHOD_MATCH = YES;
				COPY_PHASE_STRIP = NO;
				DEBUG_INFORMATION_FORMAT = "dwarf-with-dsym";
				ENABLE_NS_ASSERTIONS = NO;
				ENABLE_STRICT_OBJC_MSGSEND = YES;
				GCC_C_LANGUAGE_STANDARD = gnu11;
				GCC_NO_COMMON_BLOCKS = YES;
				GCC_WARN_64_TO_32_BIT_CONVERSION = YES;
				GCC_WARN_ABOUT_RETURN_TYPE = YES_ERROR;
				GCC_WARN_UNDECLARED_SELECTOR = YES;
				GCC_WARN_UNINITIALIZED_AUTOS = YES_AGGRESSIVE;
				GCC_WARN_UNUSED_FUNCTION = YES;
				GCC_WARN_UNUSED_VARIABLE = YES;
				IPHONEOS_DEPLOYMENT_TARGET = 16.1;
				MTL_ENABLE_DEBUG_INFO = NO;
				MTL_FAST_MATH = YES;
				SDKROOT = iphoneos;
				SWIFT_COMPILATION_MODE = wholemodule;
				SWIFT_OPTIMIZATION_LEVEL = "-O";
				VALIDATE_PRODUCT = YES;
			};
			name = Release;
		};
		A2104008294342D700BB6C0B /* Debug */ = {
			isa = XCBuildConfiguration;
			baseConfigurationReference = F49C0CBC5C6D6E4D66F4CE02 /* Pods-Yummie.debug.xcconfig */;
			buildSettings = {
				ASSETCATALOG_COMPILER_APPICON_NAME = AppIcon;
				ASSETCATALOG_COMPILER_GLOBAL_ACCENT_COLOR_NAME = AccentColor;
				CODE_SIGN_STYLE = Automatic;
				CURRENT_PROJECT_VERSION = 1;
				DEVELOPMENT_TEAM = 79CS75S5DL;
				GENERATE_INFOPLIST_FILE = YES;
				INFOPLIST_FILE = Yummie/Info.plist;
				INFOPLIST_KEY_UIApplicationSupportsIndirectInputEvents = YES;
				INFOPLIST_KEY_UILaunchStoryboardName = LaunchScreen;
				INFOPLIST_KEY_UIMainStoryboardFile = Main;
				INFOPLIST_KEY_UISupportedInterfaceOrientations_iPad = "UIInterfaceOrientationPortrait UIInterfaceOrientationPortraitUpsideDown UIInterfaceOrientationLandscapeLeft UIInterfaceOrientationLandscapeRight";
				INFOPLIST_KEY_UISupportedInterfaceOrientations_iPhone = "UIInterfaceOrientationPortrait UIInterfaceOrientationLandscapeLeft UIInterfaceOrientationLandscapeRight";
				IPHONEOS_DEPLOYMENT_TARGET = 15.0;
				LD_RUNPATH_SEARCH_PATHS = (
					"$(inherited)",
					"@executable_path/Frameworks",
				);
				MARKETING_VERSION = 1.0;
				PRODUCT_BUNDLE_IDENTIFIER = com.celilcagataygedik.Yummie;
				PRODUCT_NAME = "$(TARGET_NAME)";
				SWIFT_EMIT_LOC_STRINGS = YES;
				SWIFT_VERSION = 5.0;
				TARGETED_DEVICE_FAMILY = "1,2";
			};
			name = Debug;
		};
		A2104009294342D700BB6C0B /* Release */ = {
			isa = XCBuildConfiguration;
			baseConfigurationReference = 8E0C2A83FDA4F285EF205308 /* Pods-Yummie.release.xcconfig */;
			buildSettings = {
				ASSETCATALOG_COMPILER_APPICON_NAME = AppIcon;
				ASSETCATALOG_COMPILER_GLOBAL_ACCENT_COLOR_NAME = AccentColor;
				CODE_SIGN_STYLE = Automatic;
				CURRENT_PROJECT_VERSION = 1;
				DEVELOPMENT_TEAM = 79CS75S5DL;
				GENERATE_INFOPLIST_FILE = YES;
				INFOPLIST_FILE = Yummie/Info.plist;
				INFOPLIST_KEY_UIApplicationSupportsIndirectInputEvents = YES;
				INFOPLIST_KEY_UILaunchStoryboardName = LaunchScreen;
				INFOPLIST_KEY_UIMainStoryboardFile = Main;
				INFOPLIST_KEY_UISupportedInterfaceOrientations_iPad = "UIInterfaceOrientationPortrait UIInterfaceOrientationPortraitUpsideDown UIInterfaceOrientationLandscapeLeft UIInterfaceOrientationLandscapeRight";
				INFOPLIST_KEY_UISupportedInterfaceOrientations_iPhone = "UIInterfaceOrientationPortrait UIInterfaceOrientationLandscapeLeft UIInterfaceOrientationLandscapeRight";
				IPHONEOS_DEPLOYMENT_TARGET = 15.0;
				LD_RUNPATH_SEARCH_PATHS = (
					"$(inherited)",
					"@executable_path/Frameworks",
				);
				MARKETING_VERSION = 1.0;
				PRODUCT_BUNDLE_IDENTIFIER = com.celilcagataygedik.Yummie;
				PRODUCT_NAME = "$(TARGET_NAME)";
				SWIFT_EMIT_LOC_STRINGS = YES;
				SWIFT_VERSION = 5.0;
				TARGETED_DEVICE_FAMILY = "1,2";
			};
			name = Release;
		};
/* End XCBuildConfiguration section */

/* Begin XCConfigurationList section */
		A2103FEE294342D700BB6C0B /* Build configuration list for PBXProject "Yummie" */ = {
			isa = XCConfigurationList;
			buildConfigurations = (
				A2104005294342D700BB6C0B /* Debug */,
				A2104006294342D700BB6C0B /* Release */,
			);
			defaultConfigurationIsVisible = 0;
			defaultConfigurationName = Release;
		};
		A2104007294342D700BB6C0B /* Build configuration list for PBXNativeTarget "Yummie" */ = {
			isa = XCConfigurationList;
			buildConfigurations = (
				A2104008294342D700BB6C0B /* Debug */,
				A2104009294342D700BB6C0B /* Release */,
			);
			defaultConfigurationIsVisible = 0;
			defaultConfigurationName = Release;
		};
/* End XCConfigurationList section */
	};
	rootObject = A2103FEB294342D700BB6C0B /* Project object */;
}
